{
  "requires": true,
  "lockfileVersion": 1,
  "dependencies": {
    "minimist": {
      "version": "1.2.5",
      "resolved": "https://registry.npmjs.org/minimist/-/minimist-1.2.5.tgz",
      "integrity": "sha512-FM9nNUYrRBAELZQT3xeZQ7fmMOBg6nWNmJKTcgsJeaLstP/UODVpGsr5OhXhhXg6f+qtJ8uiZ+PUxkDWcgIXLw=="
    },
    "pack-spheres": {
      "version": "1.0.4",
      "resolved": "https://registry.npmjs.org/pack-spheres/-/pack-spheres-1.0.4.tgz",
      "integrity": "sha512-q4xdU6MVC2ZhqhAsFUpZDlYo82C2/fw1ea+8Wdyv4vyOn0HJvPboFHuOpJEuEVj28iliBo3PT0+/NYRw1Q8Scg=="
    }
  }
}
